
Microsoft Visual Studio Solution File, Format Version 12.00
# Visual Studio 15
VisualStudioVersion = 15.0.28010.2016
MinimumVisualStudioVersion = 10.0.40219.1
Project("{FAE04EC0-301F-11D3-BF4B-00C04F79EFBC}") = "abacusUI", "abacusUI\abacusUI.csproj", "{F22DA1D0-2ABD-4FF4-A94E-5F8EEE975F88}"
EndProject
Global
	GlobalSection(SolutionConfigurationPlatforms) = preSolution
		Debug|Any CPU = Debug|Any CPU
		Release|Any CPU = Release|Any CPU
	EndGlobalSection
	GlobalSection(ProjectConfigurationPlatforms) = postSolution
		{F22DA1D0-2ABD-4FF4-A94E-5F8EEE975F88}.Debug|Any CPU.ActiveCfg = Debug|Any CPU
		{F22DA1D0-2ABD-4FF4-A94E-5F8EEE975F88}.Debug|Any CPU.Build.0 = Debug|Any CPU
		{F22DA1D0-2ABD-4FF4-A94E-5F8EEE975F88}.Release|Any CPU.ActiveCfg = Release|Any CPU
		{F22DA1D0-2ABD-4FF4-A94E-5F8EEE975F88}.Release|Any CPU.Build.0 = Release|Any CPU
	EndGlobalSection
	GlobalSection(SolutionProperties) = preSolution
		HideSolutionNode = FALSE
	EndGlobalSection
	GlobalSection(ExtensibilityGlobals) = postSolution
		SolutionGuid = {50CABE2B-E19A-44F7-B76C-7CE0E53C5473}
	EndGlobalSection
EndGlobal
